
Microsoft Visual Studio Solution File, Format Version 12.00
# Visual Studio 15
VisualStudioVersion = 15.0.28307.1209
MinimumVisualStudioVersion = 10.0.40219.1
Project("{9A19103F-16F7-4668-BE54-9A1E7A4F7556}") = "MasGlobal.EmployeeSalary.Contracts", "MasGlobal.EmployeeSalary.Contracts\MasGlobal.EmployeeSalary.Contracts.csproj", "{94D93935-E2E2-4C1C-803E-1FC74AE611BC}"
EndProject
Project("{9A19103F-16F7-4668-BE54-9A1E7A4F7556}") = "MasGlobal.EmployeeSalary.Core", "MasGlobal.EmployeeSalary.Core\MasGlobal.EmployeeSalary.Core.csproj", "{CA555611-1BCC-426B-BB50-D39DDA81CC01}"
EndProject
Project("{9A19103F-16F7-4668-BE54-9A1E7A4F7556}") = "MasGlobal.EmployeeSalary.Infrastructure", "MasGlobal.EmployeeSalary.Infrastructure\MasGlobal.EmployeeSalary.Infrastructure.csproj", "{A8E00F13-E00E-4585-999C-40D20E2F27FB}"
EndProject
Project("{9A19103F-16F7-4668-BE54-9A1E7A4F7556}") = "MasGlobal.EmployeeSalary.Test", "MasGlobal.EmployeeSalary.Test\MasGlobal.EmployeeSalary.Test.csproj", "{36D398F8-6AA0-46B2-B964-229488BC08DA}"
EndProject
Project("{FAE04EC0-301F-11D3-BF4B-00C04F79EFBC}") = "MasGlobal.EmployeeSalary", "MasGlobal.EmployeeSalary\MasGlobal.EmployeeSalary.csproj", "{E44EC209-2439-4761-B258-5CA6C4C54693}"
EndProject
Global
	GlobalSection(SolutionConfigurationPlatforms) = preSolution
		Debug|Any CPU = Debug|Any CPU
		Debug|ARM = Debug|ARM
		Debug|ARM64 = Debug|ARM64
		Debug|x64 = Debug|x64
		Debug|x86 = Debug|x86
		Release|Any CPU = Release|Any CPU
		Release|ARM = Release|ARM
		Release|ARM64 = Release|ARM64
		Release|x64 = Release|x64
		Release|x86 = Release|x86
	EndGlobalSection
	GlobalSection(ProjectConfigurationPlatforms) = postSolution
		{94D93935-E2E2-4C1C-803E-1FC74AE611BC}.Debug|Any CPU.ActiveCfg = Debug|Any CPU
		{94D93935-E2E2-4C1C-803E-1FC74AE611BC}.Debug|Any CPU.Build.0 = Debug|Any CPU
		{94D93935-E2E2-4C1C-803E-1FC74AE611BC}.Debug|ARM.ActiveCfg = Debug|Any CPU
		{94D93935-E2E2-4C1C-803E-1FC74AE611BC}.Debug|ARM.Build.0 = Debug|Any CPU
		{94D93935-E2E2-4C1C-803E-1FC74AE611BC}.Debug|ARM64.ActiveCfg = Debug|Any CPU
		{94D93935-E2E2-4C1C-803E-1FC74AE611BC}.Debug|ARM64.Build.0 = Debug|Any CPU
		{94D93935-E2E2-4C1C-803E-1FC74AE611BC}.Debug|x64.ActiveCfg = Debug|Any CPU
		{94D93935-E2E2-4C1C-803E-1FC74AE611BC}.Debug|x64.Build.0 = Debug|Any CPU
		{94D93935-E2E2-4C1C-803E-1FC74AE611BC}.Debug|x86.ActiveCfg = Debug|Any CPU
		{94D93935-E2E2-4C1C-803E-1FC74AE611BC}.Debug|x86.Build.0 = Debug|Any CPU
		{94D93935-E2E2-4C1C-803E-1FC74AE611BC}.Release|Any CPU.ActiveCfg = Release|Any CPU
		{94D93935-E2E2-4C1C-803E-1FC74AE611BC}.Release|Any CPU.Build.0 = Release|Any CPU
		{94D93935-E2E2-4C1C-803E-1FC74AE611BC}.Release|ARM.ActiveCfg = Release|Any CPU
		{94D93935-E2E2-4C1C-803E-1FC74AE611BC}.Release|ARM.Build.0 = Release|Any CPU
		{94D93935-E2E2-4C1C-803E-1FC74AE611BC}.Release|ARM64.ActiveCfg = Release|Any CPU
		{94D93935-E2E2-4C1C-803E-1FC74AE611BC}.Release|ARM64.Build.0 = Release|Any CPU
		{94D93935-E2E2-4C1C-803E-1FC74AE611BC}.Release|x64.ActiveCfg = Release|Any CPU
		{94D93935-E2E2-4C1C-803E-1FC74AE611BC}.Release|x64.Build.0 = Release|Any CPU
		{94D93935-E2E2-4C1C-803E-1FC74AE611BC}.Release|x86.ActiveCfg = Release|Any CPU
		{94D93935-E2E2-4C1C-803E-1FC74AE611BC}.Release|x86.Build.0 = Release|Any CPU
		{CA555611-1BCC-426B-BB50-D39DDA81CC01}.Debug|Any CPU.ActiveCfg = Debug|Any CPU
		{CA555611-1BCC-426B-BB50-D39DDA81CC01}.Debug|Any CPU.Build.0 = Debug|Any CPU
		{CA555611-1BCC-426B-BB50-D39DDA81CC01}.Debug|ARM.ActiveCfg = Debug|Any CPU
		{CA555611-1BCC-426B-BB50-D39DDA81CC01}.Debug|ARM.Build.0 = Debug|Any CPU
		{CA555611-1BCC-426B-BB50-D39DDA81CC01}.Debug|ARM64.ActiveCfg = Debug|Any CPU
		{CA555611-1BCC-426B-BB50-D39DDA81CC01}.Debug|ARM64.Build.0 = Debug|Any CPU
		{CA555611-1BCC-426B-BB50-D39DDA81CC01}.Debug|x64.ActiveCfg = Debug|Any CPU
		{CA555611-1BCC-426B-BB50-D39DDA81CC01}.Debug|x64.Build.0 = Debug|Any CPU
		{CA555611-1BCC-426B-BB50-D39DDA81CC01}.Debug|x86.ActiveCfg = Debug|Any CPU
		{CA555611-1BCC-426B-BB50-D39DDA81CC01}.Debug|x86.Build.0 = Debug|Any CPU
		{CA555611-1BCC-426B-BB50-D39DDA81CC01}.Release|Any CPU.ActiveCfg = Release|Any CPU
		{CA555611-1BCC-426B-BB50-D39DDA81CC01}.Release|Any CPU.Build.0 = Release|Any CPU
		{CA555611-1BCC-426B-BB50-D39DDA81CC01}.Release|ARM.ActiveCfg = Release|Any CPU
		{CA555611-1BCC-426B-BB50-D39DDA81CC01}.Release|ARM.Build.0 = Release|Any CPU
		{CA555611-1BCC-426B-BB50-D39DDA81CC01}.Release|ARM64.ActiveCfg = Release|Any CPU
		{CA555611-1BCC-426B-BB50-D39DDA81CC01}.Release|ARM64.Build.0 = Release|Any CPU
		{CA555611-1BCC-426B-BB50-D39DDA81CC01}.Release|x64.ActiveCfg = Release|Any CPU
		{CA555611-1BCC-426B-BB50-D39DDA81CC01}.Release|x64.Build.0 = Release|Any CPU
		{CA555611-1BCC-426B-BB50-D39DDA81CC01}.Release|x86.ActiveCfg = Release|Any CPU
		{CA555611-1BCC-426B-BB50-D39DDA81CC01}.Release|x86.Build.0 = Release|Any CPU
		{A8E00F13-E00E-4585-999C-40D20E2F27FB}.Debug|Any CPU.ActiveCfg = Debug|Any CPU
		{A8E00F13-E00E-4585-999C-40D20E2F27FB}.Debug|Any CPU.Build.0 = Debug|Any CPU
		{A8E00F13-E00E-4585-999C-40D20E2F27FB}.Debug|ARM.ActiveCfg = Debug|Any CPU
		{A8E00F13-E00E-4585-999C-40D20E2F27FB}.Debug|ARM.Build.0 = Debug|Any CPU
		{A8E00F13-E00E-4585-999C-40D20E2F27FB}.Debug|ARM64.ActiveCfg = Debug|Any CPU
		{A8E00F13-E00E-4585-999C-40D20E2F27FB}.Debug|ARM64.Build.0 = Debug|Any CPU
		{A8E00F13-E00E-4585-999C-40D20E2F27FB}.Debug|x64.ActiveCfg = Debug|Any CPU
		{A8E00F13-E00E-4585-999C-40D20E2F27FB}.Debug|x64.Build.0 = Debug|Any CPU
		{A8E00F13-E00E-4585-999C-40D20E2F27FB}.Debug|x86.ActiveCfg = Debug|Any CPU
		{A8E00F13-E00E-4585-999C-40D20E2F27FB}.Debug|x86.Build.0 = Debug|Any CPU
		{A8E00F13-E00E-4585-999C-40D20E2F27FB}.Release|Any CPU.ActiveCfg = Release|Any CPU
		{A8E00F13-E00E-4585-999C-40D20E2F27FB}.Release|Any CPU.Build.0 = Release|Any CPU
		{A8E00F13-E00E-4585-999C-40D20E2F27FB}.Release|ARM.ActiveCfg = Release|Any CPU
		{A8E00F13-E00E-4585-999C-40D20E2F27FB}.Release|ARM.Build.0 = Release|Any CPU
		{A8E00F13-E00E-4585-999C-40D20E2F27FB}.Release|ARM64.ActiveCfg = Release|Any CPU
		{A8E00F13-E00E-4585-999C-40D20E2F27FB}.Release|ARM64.Build.0 = Release|Any CPU
		{A8E00F13-E00E-4585-999C-40D20E2F27FB}.Release|x64.ActiveCfg = Release|Any CPU
		{A8E00F13-E00E-4585-999C-40D20E2F27FB}.Release|x64.Build.0 = Release|Any CPU
		{A8E00F13-E00E-4585-999C-40D20E2F27FB}.Release|x86.ActiveCfg = Release|Any CPU
		{A8E00F13-E00E-4585-999C-40D20E2F27FB}.Release|x86.Build.0 = Release|Any CPU
		{36D398F8-6AA0-46B2-B964-229488BC08DA}.Debug|Any CPU.ActiveCfg = Debug|Any CPU
		{36D398F8-6AA0-46B2-B964-229488BC08DA}.Debug|Any CPU.Build.0 = Debug|Any CPU
		{36D398F8-6AA0-46B2-B964-229488BC08DA}.Debug|ARM.ActiveCfg = Debug|Any CPU
		{36D398F8-6AA0-46B2-B964-229488BC08DA}.Debug|ARM.Build.0 = Debug|Any CPU
		{36D398F8-6AA0-46B2-B964-229488BC08DA}.Debug|ARM64.ActiveCfg = Debug|Any CPU
		{36D398F8-6AA0-46B2-B964-229488BC08DA}.Debug|ARM64.Build.0 = Debug|Any CPU
		{36D398F8-6AA0-46B2-B964-229488BC08DA}.Debug|x64.ActiveCfg = Debug|Any CPU
		{36D398F8-6AA0-46B2-B964-229488BC08DA}.Debug|x64.Build.0 = Debug|Any CPU
		{36D398F8-6AA0-46B2-B964-229488BC08DA}.Debug|x86.ActiveCfg = Debug|Any CPU
		{36D398F8-6AA0-46B2-B964-229488BC08DA}.Debug|x86.Build.0 = Debug|Any CPU
		{36D398F8-6AA0-46B2-B964-229488BC08DA}.Release|Any CPU.ActiveCfg = Release|Any CPU
		{36D398F8-6AA0-46B2-B964-229488BC08DA}.Release|Any CPU.Build.0 = Release|Any CPU
		{36D398F8-6AA0-46B2-B964-229488BC08DA}.Release|ARM.ActiveCfg = Release|Any CPU
		{36D398F8-6AA0-46B2-B964-229488BC08DA}.Release|ARM.Build.0 = Release|Any CPU
		{36D398F8-6AA0-46B2-B964-229488BC08DA}.Release|ARM64.ActiveCfg = Release|Any CPU
		{36D398F8-6AA0-46B2-B964-229488BC08DA}.Release|ARM64.Build.0 = Release|Any CPU
		{36D398F8-6AA0-46B2-B964-229488BC08DA}.Release|x64.ActiveCfg = Release|Any CPU
		{36D398F8-6AA0-46B2-B964-229488BC08DA}.Release|x64.Build.0 = Release|Any CPU
		{36D398F8-6AA0-46B2-B964-229488BC08DA}.Release|x86.ActiveCfg = Release|Any CPU
		{36D398F8-6AA0-46B2-B964-229488BC08DA}.Release|x86.Build.0 = Release|Any CPU
		{E44EC209-2439-4761-B258-5CA6C4C54693}.Debug|Any CPU.ActiveCfg = Debug|Any CPU
		{E44EC209-2439-4761-B258-5CA6C4C54693}.Debug|Any CPU.Build.0 = Debug|Any CPU
		{E44EC209-2439-4761-B258-5CA6C4C54693}.Debug|ARM.ActiveCfg = Debug|Any CPU
		{E44EC209-2439-4761-B258-5CA6C4C54693}.Debug|ARM.Build.0 = Debug|Any CPU
		{E44EC209-2439-4761-B258-5CA6C4C54693}.Debug|ARM64.ActiveCfg = Debug|Any CPU
		{E44EC209-2439-4761-B258-5CA6C4C54693}.Debug|ARM64.Build.0 = Debug|Any CPU
		{E44EC209-2439-4761-B258-5CA6C4C54693}.Debug|x64.ActiveCfg = Debug|Any CPU
		{E44EC209-2439-4761-B258-5CA6C4C54693}.Debug|x64.Build.0 = Debug|Any CPU
		{E44EC209-2439-4761-B258-5CA6C4C54693}.Debug|x86.ActiveCfg = Debug|Any CPU
		{E44EC209-2439-4761-B258-5CA6C4C54693}.Debug|x86.Build.0 = Debug|Any CPU
		{E44EC209-2439-4761-B258-5CA6C4C54693}.Release|Any CPU.ActiveCfg = Release|Any CPU
		{E44EC209-2439-4761-B258-5CA6C4C54693}.Release|Any CPU.Build.0 = Release|Any CPU
		{E44EC209-2439-4761-B258-5CA6C4C54693}.Release|ARM.ActiveCfg = Release|Any CPU
		{E44EC209-2439-4761-B258-5CA6C4C54693}.Release|ARM.Build.0 = Release|Any CPU
		{E44EC209-2439-4761-B258-5CA6C4C54693}.Release|ARM64.ActiveCfg = Release|Any CPU
		{E44EC209-2439-4761-B258-5CA6C4C54693}.Release|ARM64.Build.0 = Release|Any CPU
		{E44EC209-2439-4761-B258-5CA6C4C54693}.Release|x64.ActiveCfg = Release|Any CPU
		{E44EC209-2439-4761-B258-5CA6C4C54693}.Release|x64.Build.0 = Release|Any CPU
		{E44EC209-2439-4761-B258-5CA6C4C54693}.Release|x86.ActiveCfg = Release|Any CPU
		{E44EC209-2439-4761-B258-5CA6C4C54693}.Release|x86.Build.0 = Release|Any CPU
	EndGlobalSection
	GlobalSection(SolutionProperties) = preSolution
		HideSolutionNode = FALSE
	EndGlobalSection
	GlobalSection(ExtensibilityGlobals) = postSolution
		SolutionGuid = {AA09EB05-217F-48A0-936C-67FF163A46D1}
	EndGlobalSection
EndGlobal
